
Microsoft Visual Studio Solution File, Format Version 12.00
# Visual Studio Version 16
VisualStudioVersion = 16.0.31105.61
MinimumVisualStudioVersion = 10.0.40219.1
Project("{FAE04EC0-301F-11D3-BF4B-00C04F79EFBC}") = "Exercicio 11 Matriz", "Exercicio 11 Matriz\Exercicio 11 Matriz.csproj", "{E6CF272F-2D5F-4F6E-82C1-8E23BBAF483A}"
EndProject
Global
	GlobalSection(SolutionConfigurationPlatforms) = preSolution
		Debug|Any CPU = Debug|Any CPU
		Release|Any CPU = Release|Any CPU
	EndGlobalSection
	GlobalSection(ProjectConfigurationPlatforms) = postSolution
		{E6CF272F-2D5F-4F6E-82C1-8E23BBAF483A}.Debug|Any CPU.ActiveCfg = Debug|Any CPU
		{E6CF272F-2D5F-4F6E-82C1-8E23BBAF483A}.Debug|Any CPU.Build.0 = Debug|Any CPU
		{E6CF272F-2D5F-4F6E-82C1-8E23BBAF483A}.Release|Any CPU.ActiveCfg = Release|Any CPU
		{E6CF272F-2D5F-4F6E-82C1-8E23BBAF483A}.Release|Any CPU.Build.0 = Release|Any CPU
	EndGlobalSection
	GlobalSection(SolutionProperties) = preSolution
		HideSolutionNode = FALSE
	EndGlobalSection
	GlobalSection(ExtensibilityGlobals) = postSolution
		SolutionGuid = {89B3791D-2469-4FB3-9636-42BDF2DE6F37}
	EndGlobalSection
EndGlobal
